// !$*UTF8*$!
{
	archiveVersion = 1;
	classes = {
	};
	objectVersion = 56;
	objects = {

/* Begin PBXBuildFile section */
		DE257C402AEBB9970076C8BD /* ViewController.swift in Sources */ = {isa = PBXBuildFile; fileRef = DE257C3F2AEBB9970076C8BD /* ViewController.swift */; };
		DE257C452AEBB9990076C8BD /* Assets.xcassets in Resources */ = {isa = PBXBuildFile; fileRef = DE257C442AEBB9990076C8BD /* Assets.xcassets */; };
		DE257C522AEBD94D0076C8BD /* TabbarController.swift in Sources */ = {isa = PBXBuildFile; fileRef = DE257C512AEBD94D0076C8BD /* TabbarController.swift */; };
		DE257C542AEBEB5A0076C8BD /* InfoViewController.swift in Sources */ = {isa = PBXBuildFile; fileRef = DE257C532AEBEB5A0076C8BD /* InfoViewController.swift */; };
		DE257C582AEBF2490076C8BD /* HabitsViewController.swift in Sources */ = {isa = PBXBuildFile; fileRef = DE257C572AEBF2490076C8BD /* HabitsViewController.swift */; };
		DE257C5B2AEBF5CD0076C8BD /* SF-Pro-Display-Semibold.otf in Resources */ = {isa = PBXBuildFile; fileRef = DE257C5A2AEBF5CD0076C8BD /* SF-Pro-Display-Semibold.otf */; };
		DE257C5D2AEBF5E40076C8BD /* SF-Pro-Text-Semibold.otf in Resources */ = {isa = PBXBuildFile; fileRef = DE257C5C2AEBF5E40076C8BD /* SF-Pro-Text-Semibold.otf */; };
		DE257C5F2AEBF5F10076C8BD /* SF-Pro-Text-Regular.otf in Resources */ = {isa = PBXBuildFile; fileRef = DE257C5E2AEBF5F10076C8BD /* SF-Pro-Text-Regular.otf */; };
		DE38DEB22AF95A7600B871BB /* HabitsStore.swift in Sources */ = {isa = PBXBuildFile; fileRef = DE38DEB12AF95A7600B871BB /* HabitsStore.swift */; };
		DE38DEB42AF963EE00B871BB /* HabitViewController.swift in Sources */ = {isa = PBXBuildFile; fileRef = DE38DEB32AF963EE00B871BB /* HabitViewController.swift */; };
		DE416E272AFEBEB000D92EC8 /* HabitDetailsCollectionViewCell.swift in Sources */ = {isa = PBXBuildFile; fileRef = DE416E262AFEBEB000D92EC8 /* HabitDetailsCollectionViewCell.swift */; };
		DE7A236C2AF2B5C90083A31B /* AppDelegate.swift in Sources */ = {isa = PBXBuildFile; fileRef = DE7A236B2AF2B5C90083A31B /* AppDelegate.swift */; };
		DE7A236E2AF2B5D40083A31B /* SceneDelegate.swift in Sources */ = {isa = PBXBuildFile; fileRef = DE7A236D2AF2B5D40083A31B /* SceneDelegate.swift */; };
		DE7A23752AF2C39C0083A31B /* LaunchScreen.storyboard in Resources */ = {isa = PBXBuildFile; fileRef = DE7A23732AF2C0030083A31B /* LaunchScreen.storyboard */; };
		DE8ADAEA2AFE29420086A23A /* HabitsCollectionViewCell.swift in Sources */ = {isa = PBXBuildFile; fileRef = DE8ADAE92AFE29420086A23A /* HabitsCollectionViewCell.swift */; };
		DE8ADAEC2AFE2B5D0086A23A /* ProgressCollectionViewCell.swift in Sources */ = {isa = PBXBuildFile; fileRef = DE8ADAEB2AFE2B5D0086A23A /* ProgressCollectionViewCell.swift */; };
		DE8ADAEE2AFE98890086A23A /* HabitDetailsViewController.swift in Sources */ = {isa = PBXBuildFile; fileRef = DE8ADAED2AFE98890086A23A /* HabitDetailsViewController.swift */; };
/* End PBXBuildFile section */

/* Begin PBXFileReference section */
		DE257C382AEBB9970076C8BD /* MyHabits.app */ = {isa = PBXFileReference; explicitFileType = wrapper.application; includeInIndex = 0; path = MyHabits.app; sourceTree = BUILT_PRODUCTS_DIR; };
		DE257C3F2AEBB9970076C8BD /* ViewController.swift */ = {isa = PBXFileReference; lastKnownFileType = sourcecode.swift; path = ViewController.swift; sourceTree = "<group>"; };
		DE257C442AEBB9990076C8BD /* Assets.xcassets */ = {isa = PBXFileReference; lastKnownFileType = folder.assetcatalog; path = Assets.xcassets; sourceTree = "<group>"; };
		DE257C492AEBB9990076C8BD /* Info.plist */ = {isa = PBXFileReference; lastKnownFileType = text.plist.xml; path = Info.plist; sourceTree = "<group>"; };
		DE257C512AEBD94D0076C8BD /* TabbarController.swift */ = {isa = PBXFileReference; lastKnownFileType = sourcecode.swift; path = TabbarController.swift; sourceTree = "<group>"; };
		DE257C532AEBEB5A0076C8BD /* InfoViewController.swift */ = {isa = PBXFileReference; lastKnownFileType = sourcecode.swift; path = InfoViewController.swift; sourceTree = "<group>"; };
		DE257C572AEBF2490076C8BD /* HabitsViewController.swift */ = {isa = PBXFileReference; lastKnownFileType = sourcecode.swift; path = HabitsViewController.swift; sourceTree = "<group>"; };
		DE257C5A2AEBF5CD0076C8BD /* SF-Pro-Display-Semibold.otf */ = {isa = PBXFileReference; lastKnownFileType = file; name = "SF-Pro-Display-Semibold.otf"; path = "../../../../../../../Library/Fonts/SF-Pro-Display-Semibold.otf"; sourceTree = "<group>"; };
		DE257C5C2AEBF5E40076C8BD /* SF-Pro-Text-Semibold.otf */ = {isa = PBXFileReference; lastKnownFileType = file; name = "SF-Pro-Text-Semibold.otf"; path = "../../../../../../../Library/Fonts/SF-Pro-Text-Semibold.otf"; sourceTree = "<group>"; };
		DE257C5E2AEBF5F10076C8BD /* SF-Pro-Text-Regular.otf */ = {isa = PBXFileReference; lastKnownFileType = file; name = "SF-Pro-Text-Regular.otf"; path = "../../../../../../../Library/Fonts/SF-Pro-Text-Regular.otf"; sourceTree = "<group>"; };
		DE38DEB12AF95A7600B871BB /* HabitsStore.swift */ = {isa = PBXFileReference; lastKnownFileType = sourcecode.swift; path = HabitsStore.swift; sourceTree = "<group>"; };
		DE38DEB32AF963EE00B871BB /* HabitViewController.swift */ = {isa = PBXFileReference; lastKnownFileType = sourcecode.swift; path = HabitViewController.swift; sourceTree = "<group>"; };
		DE416E262AFEBEB000D92EC8 /* HabitDetailsCollectionViewCell.swift */ = {isa = PBXFileReference; lastKnownFileType = sourcecode.swift; path = HabitDetailsCollectionViewCell.swift; sourceTree = "<group>"; };
		DE7A236B2AF2B5C90083A31B /* AppDelegate.swift */ = {isa = PBXFileReference; fileEncoding = 4; lastKnownFileType = sourcecode.swift; path = AppDelegate.swift; sourceTree = "<group>"; };
		DE7A236D2AF2B5D40083A31B /* SceneDelegate.swift */ = {isa = PBXFileReference; fileEncoding = 4; lastKnownFileType = sourcecode.swift; path = SceneDelegate.swift; sourceTree = "<group>"; };
		DE7A23722AF2C0030083A31B /* Base */ = {isa = PBXFileReference; lastKnownFileType = file.storyboard; name = Base; path = Base.lproj/LaunchScreen.storyboard; sourceTree = "<group>"; };
		DE8ADAE92AFE29420086A23A /* HabitsCollectionViewCell.swift */ = {isa = PBXFileReference; lastKnownFileType = sourcecode.swift; path = HabitsCollectionViewCell.swift; sourceTree = "<group>"; };
		DE8ADAEB2AFE2B5D0086A23A /* ProgressCollectionViewCell.swift */ = {isa = PBXFileReference; lastKnownFileType = sourcecode.swift; path = ProgressCollectionViewCell.swift; sourceTree = "<group>"; };
		DE8ADAED2AFE98890086A23A /* HabitDetailsViewController.swift */ = {isa = PBXFileReference; lastKnownFileType = sourcecode.swift; path = HabitDetailsViewController.swift; sourceTree = "<group>"; };
/* End PBXFileReference section */

/* Begin PBXFrameworksBuildPhase section */
		DE257C352AEBB9970076C8BD /* Frameworks */ = {
			isa = PBXFrameworksBuildPhase;
			buildActionMask = 2147483647;
			files = (
			);
			runOnlyForDeploymentPostprocessing = 0;
		};
/* End PBXFrameworksBuildPhase section */

/* Begin PBXGroup section */
		DE257C2F2AEBB9970076C8BD = {
			isa = PBXGroup;
			children = (
				DE257C3A2AEBB9970076C8BD /* MyHabits */,
				DE257C392AEBB9970076C8BD /* Products */,
			);
			sourceTree = "<group>";
		};
		DE257C392AEBB9970076C8BD /* Products */ = {
			isa = PBXGroup;
			children = (
				DE257C382AEBB9970076C8BD /* MyHabits.app */,
			);
			name = Products;
			sourceTree = "<group>";
		};
		DE257C3A2AEBB9970076C8BD /* MyHabits */ = {
			isa = PBXGroup;
			children = (
				DE7A236B2AF2B5C90083A31B /* AppDelegate.swift */,
				DE7A236D2AF2B5D40083A31B /* SceneDelegate.swift */,
				DE257C492AEBB9990076C8BD /* Info.plist */,
				DE257C592AEBF5950076C8BD /* Fonts */,
				DE257C4F2AEBD9260076C8BD /* Modules */,
				DE257C3F2AEBB9970076C8BD /* ViewController.swift */,
				DE257C442AEBB9990076C8BD /* Assets.xcassets */,
				DE7A23732AF2C0030083A31B /* LaunchScreen.storyboard */,
			);
			path = MyHabits;
			sourceTree = "<group>";
		};
		DE257C4F2AEBD9260076C8BD /* Modules */ = {
			isa = PBXGroup;
			children = (
				DE38DEB02AF95A5D00B871BB /* Store */,
				DE257C562AEBF2390076C8BD /* Habits */,
				DE257C552AEBEB660076C8BD /* Info */,
				DE257C502AEBD9370076C8BD /* Tabbar */,
			);
			path = Modules;
			sourceTree = "<group>";
		};
		DE257C502AEBD9370076C8BD /* Tabbar */ = {
			isa = PBXGroup;
			children = (
				DE257C512AEBD94D0076C8BD /* TabbarController.swift */,
			);
			path = Tabbar;
			sourceTree = "<group>";
		};
		DE257C552AEBEB660076C8BD /* Info */ = {
			isa = PBXGroup;
			children = (
				DE257C532AEBEB5A0076C8BD /* InfoViewController.swift */,
			);
			path = Info;
			sourceTree = "<group>";
		};
		DE257C562AEBF2390076C8BD /* Habits */ = {
			isa = PBXGroup;
			children = (
				DE257C572AEBF2490076C8BD /* HabitsViewController.swift */,
				DE38DEB32AF963EE00B871BB /* HabitViewController.swift */,
				DE8ADAE92AFE29420086A23A /* HabitsCollectionViewCell.swift */,
				DE8ADAEB2AFE2B5D0086A23A /* ProgressCollectionViewCell.swift */,
				DE8ADAED2AFE98890086A23A /* HabitDetailsViewController.swift */,
				DE416E262AFEBEB000D92EC8 /* HabitDetailsCollectionViewCell.swift */,
			);
			path = Habits;
			sourceTree = "<group>";
		};
		DE257C592AEBF5950076C8BD /* Fonts */ = {
			isa = PBXGroup;
			children = (
				DE257C5C2AEBF5E40076C8BD /* SF-Pro-Text-Semibold.otf */,
				DE257C5E2AEBF5F10076C8BD /* SF-Pro-Text-Regular.otf */,
				DE257C5A2AEBF5CD0076C8BD /* SF-Pro-Display-Semibold.otf */,
			);
			path = Fonts;
			sourceTree = "<group>";
		};
		DE38DEB02AF95A5D00B871BB /* Store */ = {
			isa = PBXGroup;
			children = (
				DE38DEB12AF95A7600B871BB /* HabitsStore.swift */,
			);
			path = Store;
			sourceTree = "<group>";
		};
/* End PBXGroup section */

/* Begin PBXNativeTarget section */
		DE257C372AEBB9970076C8BD /* MyHabits */ = {
			isa = PBXNativeTarget;
			buildConfigurationList = DE257C4C2AEBB9990076C8BD /* Build configuration list for PBXNativeTarget "MyHabits" */;
			buildPhases = (
				DE257C342AEBB9970076C8BD /* Sources */,
				DE257C352AEBB9970076C8BD /* Frameworks */,
				DE257C362AEBB9970076C8BD /* Resources */,
			);
			buildRules = (
			);
			dependencies = (
			);
			name = MyHabits;
			productName = MyHabits;
			productReference = DE257C382AEBB9970076C8BD /* MyHabits.app */;
			productType = "com.apple.product-type.application";
		};
/* End PBXNativeTarget section */

/* Begin PBXProject section */
		DE257C302AEBB9970076C8BD /* Project object */ = {
			isa = PBXProject;
			attributes = {
				BuildIndependentTargetsInParallel = 1;
				LastSwiftUpdateCheck = 1500;
				LastUpgradeCheck = 1500;
				TargetAttributes = {
					DE257C372AEBB9970076C8BD = {
						CreatedOnToolsVersion = 15.0.1;
					};
				};
			};
			buildConfigurationList = DE257C332AEBB9970076C8BD /* Build configuration list for PBXProject "MyHabits" */;
			compatibilityVersion = "Xcode 14.0";
			developmentRegion = en;
			hasScannedForEncodings = 0;
			knownRegions = (
				en,
				Base,
			);
			mainGroup = DE257C2F2AEBB9970076C8BD;
			productRefGroup = DE257C392AEBB9970076C8BD /* Products */;
			projectDirPath = "";
			projectRoot = "";
			targets = (
				DE257C372AEBB9970076C8BD /* MyHabits */,
			);
		};
/* End PBXProject section */

/* Begin PBXResourcesBuildPhase section */
		DE257C362AEBB9970076C8BD /* Resources */ = {
			isa = PBXResourcesBuildPhase;
			buildActionMask = 2147483647;
			files = (
				DE257C5D2AEBF5E40076C8BD /* SF-Pro-Text-Semibold.otf in Resources */,
				DE257C5F2AEBF5F10076C8BD /* SF-Pro-Text-Regular.otf in Resources */,
				DE257C5B2AEBF5CD0076C8BD /* SF-Pro-Display-Semibold.otf in Resources */,
				DE7A23752AF2C39C0083A31B /* LaunchScreen.storyboard in Resources */,
				DE257C452AEBB9990076C8BD /* Assets.xcassets in Resources */,
			);
			runOnlyForDeploymentPostprocessing = 0;
		};
/* End PBXResourcesBuildPhase section */

/* Begin PBXSourcesBuildPhase section */
		DE257C342AEBB9970076C8BD /* Sources */ = {
			isa = PBXSourcesBuildPhase;
			buildActionMask = 2147483647;
			files = (
				DE416E272AFEBEB000D92EC8 /* HabitDetailsCollectionViewCell.swift in Sources */,
				DE38DEB22AF95A7600B871BB /* HabitsStore.swift in Sources */,
				DE257C402AEBB9970076C8BD /* ViewController.swift in Sources */,
				DE257C582AEBF2490076C8BD /* HabitsViewController.swift in Sources */,
				DE8ADAEA2AFE29420086A23A /* HabitsCollectionViewCell.swift in Sources */,
				DE8ADAEE2AFE98890086A23A /* HabitDetailsViewController.swift in Sources */,
				DE38DEB42AF963EE00B871BB /* HabitViewController.swift in Sources */,
				DE257C522AEBD94D0076C8BD /* TabbarController.swift in Sources */,
				DE8ADAEC2AFE2B5D0086A23A /* ProgressCollectionViewCell.swift in Sources */,
				DE7A236C2AF2B5C90083A31B /* AppDelegate.swift in Sources */,
				DE257C542AEBEB5A0076C8BD /* InfoViewController.swift in Sources */,
				DE7A236E2AF2B5D40083A31B /* SceneDelegate.swift in Sources */,
			);
			runOnlyForDeploymentPostprocessing = 0;
		};
/* End PBXSourcesBuildPhase section */

/* Begin PBXVariantGroup section */
		DE7A23732AF2C0030083A31B /* LaunchScreen.storyboard */ = {
			isa = PBXVariantGroup;
			children = (
				DE7A23722AF2C0030083A31B /* Base */,
			);
			name = LaunchScreen.storyboard;
			sourceTree = "<group>";
		};
/* End PBXVariantGroup section */

/* Begin XCBuildConfiguration section */
		DE257C4A2AEBB9990076C8BD /* Debug */ = {
			isa = XCBuildConfiguration;
			buildSettings = {
				ALWAYS_SEARCH_USER_PATHS = NO;
				ASSETCATALOG_COMPILER_GENERATE_SWIFT_ASSET_SYMBOL_EXTENSIONS = YES;
				CLANG_ANALYZER_NONNULL = YES;
				CLANG_ANALYZER_NUMBER_OBJECT_CONVERSION = YES_AGGRESSIVE;
				CLANG_CXX_LANGUAGE_STANDARD = "gnu++20";
				CLANG_ENABLE_MODULES = YES;
				CLANG_ENABLE_OBJC_ARC = YES;
				CLANG_ENABLE_OBJC_WEAK = YES;
				CLANG_WARN_BLOCK_CAPTURE_AUTORELEASING = YES;
				CLANG_WARN_BOOL_CONVERSION = YES;
				CLANG_WARN_COMMA = YES;
				CLANG_WARN_CONSTANT_CONVERSION = YES;
				CLANG_WARN_DEPRECATED_OBJC_IMPLEMENTATIONS = YES;
				CLANG_WARN_DIRECT_OBJC_ISA_USAGE = YES_ERROR;
				CLANG_WARN_DOCUMENTATION_COMMENTS = YES;
				CLANG_WARN_EMPTY_BODY = YES;
				CLANG_WARN_ENUM_CONVERSION = YES;
				CLANG_WARN_INFINITE_RECURSION = YES;
				CLANG_WARN_INT_CONVERSION = YES;
				CLANG_WARN_NON_LITERAL_NULL_CONVERSION = YES;
				CLANG_WARN_OBJC_IMPLICIT_RETAIN_SELF = YES;
				CLANG_WARN_OBJC_LITERAL_CONVERSION = YES;
				CLANG_WARN_OBJC_ROOT_CLASS = YES_ERROR;
				CLANG_WARN_QUOTED_INCLUDE_IN_FRAMEWORK_HEADER = YES;
				CLANG_WARN_RANGE_LOOP_ANALYSIS = YES;
				CLANG_WARN_STRICT_PROTOTYPES = YES;
				CLANG_WARN_SUSPICIOUS_MOVE = YES;
				CLANG_WARN_UNGUARDED_AVAILABILITY = YES_AGGRESSIVE;
				CLANG_WARN_UNREACHABLE_CODE = YES;
				CLANG_WARN__DUPLICATE_METHOD_MATCH = YES;
				COPY_PHASE_STRIP = NO;
				DEBUG_INFORMATION_FORMAT = dwarf;
				ENABLE_STRICT_OBJC_MSGSEND = YES;
				ENABLE_TESTABILITY = YES;
				ENABLE_USER_SCRIPT_SANDBOXING = YES;
				GCC_C_LANGUAGE_STANDARD = gnu17;
				GCC_DYNAMIC_NO_PIC = NO;
				GCC_NO_COMMON_BLOCKS = YES;
				GCC_OPTIMIZATION_LEVEL = 0;
				GCC_PREPROCESSOR_DEFINITIONS = (
					"DEBUG=1",
					"$(inherited)",
				);
				GCC_WARN_64_TO_32_BIT_CONVERSION = YES;
				GCC_WARN_ABOUT_RETURN_TYPE = YES_ERROR;
				GCC_WARN_UNDECLARED_SELECTOR = YES;
				GCC_WARN_UNINITIALIZED_AUTOS = YES_AGGRESSIVE;
				GCC_WARN_UNUSED_FUNCTION = YES;
				GCC_WARN_UNUSED_VARIABLE = YES;
				IPHONEOS_DEPLOYMENT_TARGET = 16.1;
				LOCALIZATION_PREFERS_STRING_CATALOGS = YES;
				MTL_ENABLE_DEBUG_INFO = INCLUDE_SOURCE;
				MTL_FAST_MATH = YES;
				ONLY_ACTIVE_ARCH = YES;
				SDKROOT = iphoneos;
				SWIFT_ACTIVE_COMPILATION_CONDITIONS = "DEBUG $(inherited)";
				SWIFT_OPTIMIZATION_LEVEL = "-Onone";
			};
			name = Debug;
		};
		DE257C4B2AEBB9990076C8BD /* Release */ = {
			isa = XCBuildConfiguration;
			buildSettings = {
				ALWAYS_SEARCH_USER_PATHS = NO;
				ASSETCATALOG_COMPILER_GENERATE_SWIFT_ASSET_SYMBOL_EXTENSIONS = YES;
				CLANG_ANALYZER_NONNULL = YES;
				CLANG_ANALYZER_NUMBER_OBJECT_CONVERSION = YES_AGGRESSIVE;
				CLANG_CXX_LANGUAGE_STANDARD = "gnu++20";
				CLANG_ENABLE_MODULES = YES;
				CLANG_ENABLE_OBJC_ARC = YES;
				CLANG_ENABLE_OBJC_WEAK = YES;
				CLANG_WARN_BLOCK_CAPTURE_AUTORELEASING = YES;
				CLANG_WARN_BOOL_CONVERSION = YES;
				CLANG_WARN_COMMA = YES;
				CLANG_WARN_CONSTANT_CONVERSION = YES;
				CLANG_WARN_DEPRECATED_OBJC_IMPLEMENTATIONS = YES;
				CLANG_WARN_DIRECT_OBJC_ISA_USAGE = YES_ERROR;
				CLANG_WARN_DOCUMENTATION_COMMENTS = YES;
				CLANG_WARN_EMPTY_BODY = YES;
				CLANG_WARN_ENUM_CONVERSION = YES;
				CLANG_WARN_INFINITE_RECURSION = YES;
				CLANG_WARN_INT_CONVERSION = YES;
				CLANG_WARN_NON_LITERAL_NULL_CONVERSION = YES;
				CLANG_WARN_OBJC_IMPLICIT_RETAIN_SELF = YES;
				CLANG_WARN_OBJC_LITERAL_CONVERSION = YES;
				CLANG_WARN_OBJC_ROOT_CLASS = YES_ERROR;
				CLANG_WARN_QUOTED_INCLUDE_IN_FRAMEWORK_HEADER = YES;
				CLANG_WARN_RANGE_LOOP_ANALYSIS = YES;
				CLANG_WARN_STRICT_PROTOTYPES = YES;
				CLANG_WARN_SUSPICIOUS_MOVE = YES;
				CLANG_WARN_UNGUARDED_AVAILABILITY = YES_AGGRESSIVE;
				CLANG_WARN_UNREACHABLE_CODE = YES;
				CLANG_WARN__DUPLICATE_METHOD_MATCH = YES;
				COPY_PHASE_STRIP = NO;
				DEBUG_INFORMATION_FORMAT = "dwarf-with-dsym";
				ENABLE_NS_ASSERTIONS = NO;
				ENABLE_STRICT_OBJC_MSGSEND = YES;
				ENABLE_USER_SCRIPT_SANDBOXING = YES;
				GCC_C_LANGUAGE_STANDARD = gnu17;
				GCC_NO_COMMON_BLOCKS = YES;
				GCC_WARN_64_TO_32_BIT_CONVERSION = YES;
				GCC_WARN_ABOUT_RETURN_TYPE = YES_ERROR;
				GCC_WARN_UNDECLARED_SELECTOR = YES;
				GCC_WARN_UNINITIALIZED_AUTOS = YES_AGGRESSIVE;
				GCC_WARN_UNUSED_FUNCTION = YES;
				GCC_WARN_UNUSED_VARIABLE = YES;
				IPHONEOS_DEPLOYMENT_TARGET = 16.1;
				LOCALIZATION_PREFERS_STRING_CATALOGS = YES;
				MTL_ENABLE_DEBUG_INFO = NO;
				MTL_FAST_MATH = YES;
				SDKROOT = iphoneos;
				SWIFT_COMPILATION_MODE = wholemodule;
				VALIDATE_PRODUCT = YES;
			};
			name = Release;
		};
		DE257C4D2AEBB9990076C8BD /* Debug */ = {
			isa = XCBuildConfiguration;
			buildSettings = {
				ASSETCATALOG_COMPILER_APPICON_NAME = AppIcon;
				ASSETCATALOG_COMPILER_GLOBAL_ACCENT_COLOR_NAME = AccentColor;
				ASSETCATALOG_COMPILER_INCLUDE_ALL_APPICON_ASSETS = YES;
				CODE_SIGN_STYLE = Automatic;
				CURRENT_PROJECT_VERSION = 1;
				GENERATE_INFOPLIST_FILE = YES;
				INFOPLIST_FILE = MyHabits/Info.plist;
				INFOPLIST_KEY_UIApplicationSupportsIndirectInputEvents = YES;
				INFOPLIST_KEY_UILaunchStoryboardName = LaunchScreen.storyboard;
				INFOPLIST_KEY_UISupportedInterfaceOrientations_iPad = "UIInterfaceOrientationPortrait UIInterfaceOrientationPortraitUpsideDown UIInterfaceOrientationLandscapeLeft UIInterfaceOrientationLandscapeRight";
				INFOPLIST_KEY_UISupportedInterfaceOrientations_iPhone = "UIInterfaceOrientationPortrait UIInterfaceOrientationLandscapeLeft UIInterfaceOrientationLandscapeRight";
				IPHONEOS_DEPLOYMENT_TARGET = 15.0;
				LD_RUNPATH_SEARCH_PATHS = (
					"$(inherited)",
					"@executable_path/Frameworks",
				);
				MARKETING_VERSION = 1.0;
				PRODUCT_BUNDLE_IDENTIFIER = net.netlanc.ios.MyHabits;
				PRODUCT_NAME = "$(TARGET_NAME)";
				SUPPORTED_PLATFORMS = "iphoneos iphonesimulator";
				SUPPORTS_MACCATALYST = NO;
				SUPPORTS_MAC_DESIGNED_FOR_IPHONE_IPAD = NO;
				SWIFT_EMIT_LOC_STRINGS = YES;
				SWIFT_VERSION = 5.0;
				TARGETED_DEVICE_FAMILY = "1,2";
			};
			name = Debug;
		};
		DE257C4E2AEBB9990076C8BD /* Release */ = {
			isa = XCBuildConfiguration;
			buildSettings = {
				ASSETCATALOG_COMPILER_APPICON_NAME = AppIcon;
				ASSETCATALOG_COMPILER_GLOBAL_ACCENT_COLOR_NAME = AccentColor;
				ASSETCATALOG_COMPILER_INCLUDE_ALL_APPICON_ASSETS = YES;
				CODE_SIGN_STYLE = Automatic;
				CURRENT_PROJECT_VERSION = 1;
				GENERATE_INFOPLIST_FILE = YES;
				INFOPLIST_FILE = MyHabits/Info.plist;
				INFOPLIST_KEY_UIApplicationSupportsIndirectInputEvents = YES;
				INFOPLIST_KEY_UILaunchStoryboardName = LaunchScreen.storyboard;
				INFOPLIST_KEY_UISupportedInterfaceOrientations_iPad = "UIInterfaceOrientationPortrait UIInterfaceOrientationPortraitUpsideDown UIInterfaceOrientationLandscapeLeft UIInterfaceOrientationLandscapeRight";
				INFOPLIST_KEY_UISupportedInterfaceOrientations_iPhone = "UIInterfaceOrientationPortrait UIInterfaceOrientationLandscapeLeft UIInterfaceOrientationLandscapeRight";
				IPHONEOS_DEPLOYMENT_TARGET = 15.0;
				LD_RUNPATH_SEARCH_PATHS = (
					"$(inherited)",
					"@executable_path/Frameworks",
				);
				MARKETING_VERSION = 1.0;
				PRODUCT_BUNDLE_IDENTIFIER = net.netlanc.ios.MyHabits;
				PRODUCT_NAME = "$(TARGET_NAME)";
				SUPPORTED_PLATFORMS = "iphoneos iphonesimulator";
				SUPPORTS_MACCATALYST = NO;
				SUPPORTS_MAC_DESIGNED_FOR_IPHONE_IPAD = NO;
				SWIFT_EMIT_LOC_STRINGS = YES;
				SWIFT_VERSION = 5.0;
				TARGETED_DEVICE_FAMILY = "1,2";
			};
			name = Release;
		};
/* End XCBuildConfiguration section */

/* Begin XCConfigurationList section */
		DE257C332AEBB9970076C8BD /* Build configuration list for PBXProject "MyHabits" */ = {
			isa = XCConfigurationList;
			buildConfigurations = (
				DE257C4A2AEBB9990076C8BD /* Debug */,
				DE257C4B2AEBB9990076C8BD /* Release */,
			);
			defaultConfigurationIsVisible = 0;
			defaultConfigurationName = Release;
		};
		DE257C4C2AEBB9990076C8BD /* Build configuration list for PBXNativeTarget "MyHabits" */ = {
			isa = XCConfigurationList;
			buildConfigurations = (
				DE257C4D2AEBB9990076C8BD /* Debug */,
				DE257C4E2AEBB9990076C8BD /* Release */,
			);
			defaultConfigurationIsVisible = 0;
			defaultConfigurationName = Release;
		};
/* End XCConfigurationList section */
	};
	rootObject = DE257C302AEBB9970076C8BD /* Project object */;
}
